
Microsoft Visual Studio Solution File, Format Version 12.00
# Visual Studio Version 17
VisualStudioVersion = 17.14.36623.8
MinimumVisualStudioVersion = 10.0.40219.1
Project("{FAE04EC0-301F-11D3-BF4B-00C04F79EFBC}") = "Abstracciones", "Abstracciones\Abstracciones.csproj", "{554A474B-05FA-4926-8B85-F7867AA77A85}"
EndProject
Project("{FAE04EC0-301F-11D3-BF4B-00C04F79EFBC}") = "Web", "Web\Web.csproj", "{D121427A-B81D-4164-844B-13D09D6EB392}"
EndProject
Project("{FAE04EC0-301F-11D3-BF4B-00C04F79EFBC}") = "Reglas", "Reglas\Reglas.csproj", "{D9C88D85-639F-4ADD-9680-1E13554FA779}"
EndProject
Global
	GlobalSection(SolutionConfigurationPlatforms) = preSolution
		Debug|Any CPU = Debug|Any CPU
		Release|Any CPU = Release|Any CPU
	EndGlobalSection
	GlobalSection(ProjectConfigurationPlatforms) = postSolution
		{554A474B-05FA-4926-8B85-F7867AA77A85}.Debug|Any CPU.ActiveCfg = Debug|Any CPU
		{554A474B-05FA-4926-8B85-F7867AA77A85}.Debug|Any CPU.Build.0 = Debug|Any CPU
		{554A474B-05FA-4926-8B85-F7867AA77A85}.Release|Any CPU.ActiveCfg = Release|Any CPU
		{554A474B-05FA-4926-8B85-F7867AA77A85}.Release|Any CPU.Build.0 = Release|Any CPU
		{D121427A-B81D-4164-844B-13D09D6EB392}.Debug|Any CPU.ActiveCfg = Debug|Any CPU
		{D121427A-B81D-4164-844B-13D09D6EB392}.Debug|Any CPU.Build.0 = Debug|Any CPU
		{D121427A-B81D-4164-844B-13D09D6EB392}.Release|Any CPU.ActiveCfg = Release|Any CPU
		{D121427A-B81D-4164-844B-13D09D6EB392}.Release|Any CPU.Build.0 = Release|Any CPU
		{D9C88D85-639F-4ADD-9680-1E13554FA779}.Debug|Any CPU.ActiveCfg = Debug|Any CPU
		{D9C88D85-639F-4ADD-9680-1E13554FA779}.Debug|Any CPU.Build.0 = Debug|Any CPU
		{D9C88D85-639F-4ADD-9680-1E13554FA779}.Release|Any CPU.ActiveCfg = Release|Any CPU
		{D9C88D85-639F-4ADD-9680-1E13554FA779}.Release|Any CPU.Build.0 = Release|Any CPU
	EndGlobalSection
	GlobalSection(SolutionProperties) = preSolution
		HideSolutionNode = FALSE
	EndGlobalSection
	GlobalSection(ExtensibilityGlobals) = postSolution
		SolutionGuid = {567E5B73-4A9F-480F-A1D4-AF46C559F560}
	EndGlobalSection
EndGlobal
